
Microsoft Visual Studio Solution File, Format Version 12.00
# Visual Studio 15
VisualStudioVersion = 15.0.28010.2019
MinimumVisualStudioVersion = 10.0.40219.1
Project("{9A19103F-16F7-4668-BE54-9A1E7A4F7556}") = "yard_management_system", "yard-management-system\yard_management_system.csproj", "{7B4E7BB8-7C38-4272-BCA0-1D1C434621C6}"
EndProject
Global
	GlobalSection(SolutionConfigurationPlatforms) = preSolution
		Debug|Any CPU = Debug|Any CPU
		Release|Any CPU = Release|Any CPU
	EndGlobalSection
	GlobalSection(ProjectConfigurationPlatforms) = postSolution
		{7B4E7BB8-7C38-4272-BCA0-1D1C434621C6}.Debug|Any CPU.ActiveCfg = Debug|Any CPU
		{7B4E7BB8-7C38-4272-BCA0-1D1C434621C6}.Debug|Any CPU.Build.0 = Debug|Any CPU
		{7B4E7BB8-7C38-4272-BCA0-1D1C434621C6}.Release|Any CPU.ActiveCfg = Release|Any CPU
		{7B4E7BB8-7C38-4272-BCA0-1D1C434621C6}.Release|Any CPU.Build.0 = Release|Any CPU
	EndGlobalSection
	GlobalSection(SolutionProperties) = preSolution
		HideSolutionNode = FALSE
	EndGlobalSection
	GlobalSection(ExtensibilityGlobals) = postSolution
		SolutionGuid = {33F5D073-5991-492F-B536-49C919F743E1}
	EndGlobalSection
EndGlobal
